
Microsoft Visual Studio Solution File, Format Version 12.00
# Visual Studio Version 16
VisualStudioVersion = 16.0.29911.84
MinimumVisualStudioVersion = 10.0.40219.1
Project("{9A19103F-16F7-4668-BE54-9A1E7A4F7556}") = "FlightMobileWeb", "FlightMobileWeb\FlightMobileWeb.csproj", "{840D127D-735F-4D32-8051-E5DF7F5A7DF6}"
EndProject
Global
	GlobalSection(SolutionConfigurationPlatforms) = preSolution
		Debug|Any CPU = Debug|Any CPU
		Release|Any CPU = Release|Any CPU
	EndGlobalSection
	GlobalSection(ProjectConfigurationPlatforms) = postSolution
		{840D127D-735F-4D32-8051-E5DF7F5A7DF6}.Debug|Any CPU.ActiveCfg = Debug|Any CPU
		{840D127D-735F-4D32-8051-E5DF7F5A7DF6}.Debug|Any CPU.Build.0 = Debug|Any CPU
		{840D127D-735F-4D32-8051-E5DF7F5A7DF6}.Release|Any CPU.ActiveCfg = Release|Any CPU
		{840D127D-735F-4D32-8051-E5DF7F5A7DF6}.Release|Any CPU.Build.0 = Release|Any CPU
	EndGlobalSection
	GlobalSection(SolutionProperties) = preSolution
		HideSolutionNode = FALSE
	EndGlobalSection
	GlobalSection(ExtensibilityGlobals) = postSolution
		SolutionGuid = {C4B9D638-F4A1-421E-A9B5-422A575663A5}
	EndGlobalSection
EndGlobal
